{
  "name": "color-of-location",
  "version": "0.0.1",
  "lockfileVersion": 2,
  "requires": true,
  "packages": {
    "": {
      "name": "color-of-location",
      "version": "0.0.1",
      "dependencies": {
        "color-convert": "^2.0.1",
        "dotenv": "^16.0.1",
        "mongodb": "^4.7.0",
        "pureimage": "^0.3.14"
      }
    },
    "node_modules/@types/node": {
      "version": "18.0.3",
      "license": "MIT"
    },
    "node_modules/@types/webidl-conversions": {
      "version": "6.1.1",
      "license": "MIT"
    },
    "node_modules/@types/whatwg-url": {
      "version": "8.2.2",
      "license": "MIT",
      "dependencies": {
        "@types/node": "*",
        "@types/webidl-conversions": "*"
      }
    },
    "node_modules/base64-js": {
      "version": "1.5.1",
      "funding": [
        {
          "type": "github",
          "url": "https://github.com/sponsors/feross"
        },
        {
          "type": "patreon",
          "url": "https://www.patreon.com/feross"
        },
        {
          "type": "consulting",
          "url": "https://feross.org/support"
        }
      ],
      "license": "MIT"
    },
    "node_modules/bson": {
      "version": "4.6.4",
      "license": "Apache-2.0",
      "dependencies": {
        "buffer": "^5.6.0"
      },
      "engines": {
        "node": ">=6.9.0"
      }
    },
    "node_modules/buffer": {
      "version": "5.7.1",
      "funding": [
        {
          "type": "github",
          "url": "https://github.com/sponsors/feross"
        },
        {
          "type": "patreon",
          "url": "https://www.patreon.com/feross"
        },
        {
          "type": "consulting",
          "url": "https://feross.org/support"
        }
      ],
      "license": "MIT",
      "dependencies": {
        "base64-js": "^1.3.1",
        "ieee754": "^1.1.13"
      }
    },
    "node_modules/color-convert": {
      "version": "2.0.1",
      "license": "MIT",
      "dependencies": {
        "color-name": "~1.1.4"
      },
      "engines": {
        "node": ">=7.0.0"
      }
    },
    "node_modules/color-name": {
      "version": "1.1.4",
      "license": "MIT"
    },
    "node_modules/denque": {
      "version": "2.0.1",
      "license": "Apache-2.0",
      "engines": {
        "node": ">=0.10"
      }
    },
    "node_modules/dotenv": {
      "version": "16.0.1",
      "license": "BSD-2-Clause",
      "engines": {
        "node": ">=12"
      }
    },
    "node_modules/ieee754": {
      "version": "1.2.1",
      "funding": [
        {
          "type": "github",
          "url": "https://github.com/sponsors/feross"
        },
        {
          "type": "patreon",
          "url": "https://www.patreon.com/feross"
        },
        {
          "type": "consulting",
          "url": "https://feross.org/support"
        }
      ],
      "license": "BSD-3-Clause"
    },
    "node_modules/ip": {
      "version": "1.1.8",
      "license": "MIT"
    },
    "node_modules/jpeg-js": {
      "version": "0.4.4",
      "license": "BSD-3-Clause"
    },
    "node_modules/memory-pager": {
      "version": "1.5.0",
      "license": "MIT",
      "optional": true
    },
    "node_modules/mongodb": {
      "version": "4.7.0",
      "license": "Apache-2.0",
      "dependencies": {
        "bson": "^4.6.3",
        "denque": "^2.0.1",
        "mongodb-connection-string-url": "^2.5.2",
        "socks": "^2.6.2"
      },
      "engines": {
        "node": ">=12.9.0"
      },
      "optionalDependencies": {
        "saslprep": "^1.0.3"
      }
    },
    "node_modules/mongodb-connection-string-url": {
      "version": "2.5.2",
      "license": "Apache-2.0",
      "dependencies": {
        "@types/whatwg-url": "^8.2.1",
        "whatwg-url": "^11.0.0"
      }
    },
    "node_modules/mongodb-connection-string-url/node_modules/tr46": {
      "version": "3.0.0",
      "license": "MIT",
      "dependencies": {
        "punycode": "^2.1.1"
      },
      "engines": {
        "node": ">=12"
      }
    },
    "node_modules/mongodb-connection-string-url/node_modules/webidl-conversions": {
      "version": "7.0.0",
      "license": "BSD-2-Clause",
      "engines": {
        "node": ">=12"
      }
    },
    "node_modules/mongodb-connection-string-url/node_modules/whatwg-url": {
      "version": "11.0.0",
      "license": "MIT",
      "dependencies": {
        "tr46": "^3.0.0",
        "webidl-conversions": "^7.0.0"
      },
      "engines": {
        "node": ">=12"
      }
    },
    "node_modules/opentype.js": {
      "version": "0.4.11",
      "license": "MIT",
      "bin": {
        "ot": "bin/ot"
      }
    },
    "node_modules/pngjs": {
      "version": "3.4.0",
      "license": "MIT",
      "engines": {
        "node": ">=4.0.0"
      }
    },
    "node_modules/punycode": {
      "version": "2.1.1",
      "license": "MIT",
      "engines": {
        "node": ">=6"
      }
    },
    "node_modules/pureimage": {
      "version": "0.3.14",
      "license": "MIT",
      "dependencies": {
        "jpeg-js": "^0.4.1",
        "opentype.js": "^0.4.3",
        "pngjs": "^3.3.1"
      },
      "engines": {
        "node": ">=0.8"
      }
    },
    "node_modules/saslprep": {
      "version": "1.0.3",
      "license": "MIT",
      "optional": true,
      "dependencies": {
        "sparse-bitfield": "^3.0.3"
      },
      "engines": {
        "node": ">=6"
      }
    },
    "node_modules/smart-buffer": {
      "version": "4.2.0",
      "license": "MIT",
      "engines": {
        "node": ">= 6.0.0",
        "npm": ">= 3.0.0"
      }
    },
    "node_modules/socks": {
      "version": "2.6.2",
      "license": "MIT",
      "dependencies": {
        "ip": "^1.1.5",
        "smart-buffer": "^4.2.0"
      },
      "engines": {
        "node": ">= 10.13.0",
        "npm": ">= 3.0.0"
      }
    },
    "node_modules/sparse-bitfield": {
      "version": "3.0.3",
      "license": "MIT",
      "optional": true,
      "dependencies": {
        "memory-pager": "^1.0.2"
      }
    }
  },
  "dependencies": {
    "@types/node": {
      "version": "18.0.3"
    },
    "@types/webidl-conversions": {
      "version": "6.1.1"
    },
    "@types/whatwg-url": {
      "version": "8.2.2",
      "requires": {
        "@types/node": "*",
        "@types/webidl-conversions": "*"
      }
    },
    "base64-js": {
      "version": "1.5.1"
    },
    "bson": {
      "version": "4.6.4",
      "requires": {
        "buffer": "^5.6.0"
      }
    },
    "buffer": {
      "version": "5.7.1",
      "requires": {
        "base64-js": "^1.3.1",
        "ieee754": "^1.1.13"
      }
    },
    "color-convert": {
      "version": "2.0.1",
      "requires": {
        "color-name": "~1.1.4"
      }
    },
    "color-name": {
      "version": "1.1.4"
    },
    "denque": {
      "version": "2.0.1"
    },
    "dotenv": {
      "version": "16.0.1"
    },
    "ieee754": {
      "version": "1.2.1"
    },
    "ip": {
      "version": "1.1.8"
    },
    "jpeg-js": {
      "version": "0.4.4"
    },
    "memory-pager": {
      "version": "1.5.0",
      "optional": true
    },
    "mongodb": {
      "version": "4.7.0",
      "requires": {
        "bson": "^4.6.3",
        "denque": "^2.0.1",
        "mongodb-connection-string-url": "^2.5.2",
        "saslprep": "^1.0.3",
        "socks": "^2.6.2"
      }
    },
    "mongodb-connection-string-url": {
      "version": "2.5.2",
      "requires": {
        "@types/whatwg-url": "^8.2.1",
        "whatwg-url": "^11.0.0"
      },
      "dependencies": {
        "tr46": {
          "version": "3.0.0",
          "requires": {
            "punycode": "^2.1.1"
          }
        },
        "webidl-conversions": {
          "version": "7.0.0"
        },
        "whatwg-url": {
          "version": "11.0.0",
          "requires": {
            "tr46": "^3.0.0",
            "webidl-conversions": "^7.0.0"
          }
        }
      }
    },
    "opentype.js": {
      "version": "0.4.11"
    },
    "pngjs": {
      "version": "3.4.0"
    },
    "punycode": {
      "version": "2.1.1"
    },
    "pureimage": {
      "version": "0.3.14",
      "requires": {
        "jpeg-js": "^0.4.1",
        "opentype.js": "^0.4.3",
        "pngjs": "^3.3.1"
      }
    },
    "saslprep": {
      "version": "1.0.3",
      "optional": true,
      "requires": {
        "sparse-bitfield": "^3.0.3"
      }
    },
    "smart-buffer": {
      "version": "4.2.0"
    },
    "socks": {
      "version": "2.6.2",
      "requires": {
        "ip": "^1.1.5",
        "smart-buffer": "^4.2.0"
      }
    },
    "sparse-bitfield": {
      "version": "3.0.3",
      "optional": true,
      "requires": {
        "memory-pager": "^1.0.2"
      }
    }
  }
}
